
Microsoft Visual Studio Solution File, Format Version 12.00
# Visual Studio Version 17
VisualStudioVersion = 17.0.31903.59
MinimumVisualStudioVersion = 10.0.40219.1
Project("{2150E333-8FDC-42A3-9474-1A3956D46DE8}") = "src", "src", "{827E0CD3-B72D-47B6-A68D-7590B98EB39B}"
EndProject
Project("{FAE04EC0-301F-11D3-BF4B-00C04F79EFBC}") = "Resume.AppHost", "src\Resume.AppHost\Resume.AppHost.csproj", "{72C7B5C1-C519-4A1C-99A2-2A13EBE585A6}"
EndProject
Project("{FAE04EC0-301F-11D3-BF4B-00C04F79EFBC}") = "Resume.ServiceDefaults", "src\Resume.ServiceDefaults\Resume.ServiceDefaults.csproj", "{98E5C852-A215-4CA5-8BBE-6B339C68915E}"
EndProject
Project("{FAE04EC0-301F-11D3-BF4B-00C04F79EFBC}") = "Resume.Data", "src\Resume.Data\Resume.Data.csproj", "{5807728D-0E6C-48EE-AD90-95101282CECD}"
EndProject
Project("{2150E333-8FDC-42A3-9474-1A3956D46DE8}") = "tests", "tests", "{0AB3BF05-4346-4AA6-1389-037BE0695223}"
EndProject
Project("{FAE04EC0-301F-11D3-BF4B-00C04F79EFBC}") = "Resume.Api.Tests", "tests\Resume.Api.Tests\Resume.Api.Tests.csproj", "{7598125B-76B4-4C1A-9676-061F1AF13BC7}"
EndProject
Project("{FAE04EC0-301F-11D3-BF4B-00C04F79EFBC}") = "Resume.Contracts", "src\Resume.Contracts\Resume.Contracts.csproj", "{25DF2E97-31A1-4C4A-A1D9-C10B887AAF9A}"
EndProject
Project("{FAE04EC0-301F-11D3-BF4B-00C04F79EFBC}") = "Resume.Api", "src\Resume.Api\Resume.Api.csproj", "{644E6C8D-915F-4145-BD3F-E62664C8C9BA}"
EndProject
Global
	GlobalSection(SolutionConfigurationPlatforms) = preSolution
		Debug|Any CPU = Debug|Any CPU
		Debug|x64 = Debug|x64
		Debug|x86 = Debug|x86
		Release|Any CPU = Release|Any CPU
		Release|x64 = Release|x64
		Release|x86 = Release|x86
	EndGlobalSection
	GlobalSection(ProjectConfigurationPlatforms) = postSolution
		{72C7B5C1-C519-4A1C-99A2-2A13EBE585A6}.Debug|Any CPU.ActiveCfg = Debug|Any CPU
		{72C7B5C1-C519-4A1C-99A2-2A13EBE585A6}.Debug|Any CPU.Build.0 = Debug|Any CPU
		{72C7B5C1-C519-4A1C-99A2-2A13EBE585A6}.Debug|x64.ActiveCfg = Debug|Any CPU
		{72C7B5C1-C519-4A1C-99A2-2A13EBE585A6}.Debug|x64.Build.0 = Debug|Any CPU
		{72C7B5C1-C519-4A1C-99A2-2A13EBE585A6}.Debug|x86.ActiveCfg = Debug|Any CPU
		{72C7B5C1-C519-4A1C-99A2-2A13EBE585A6}.Debug|x86.Build.0 = Debug|Any CPU
		{72C7B5C1-C519-4A1C-99A2-2A13EBE585A6}.Release|Any CPU.ActiveCfg = Release|Any CPU
		{72C7B5C1-C519-4A1C-99A2-2A13EBE585A6}.Release|Any CPU.Build.0 = Release|Any CPU
		{72C7B5C1-C519-4A1C-99A2-2A13EBE585A6}.Release|x64.ActiveCfg = Release|Any CPU
		{72C7B5C1-C519-4A1C-99A2-2A13EBE585A6}.Release|x64.Build.0 = Release|Any CPU
		{72C7B5C1-C519-4A1C-99A2-2A13EBE585A6}.Release|x86.ActiveCfg = Release|Any CPU
		{72C7B5C1-C519-4A1C-99A2-2A13EBE585A6}.Release|x86.Build.0 = Release|Any CPU
		{98E5C852-A215-4CA5-8BBE-6B339C68915E}.Debug|Any CPU.ActiveCfg = Debug|Any CPU
		{98E5C852-A215-4CA5-8BBE-6B339C68915E}.Debug|Any CPU.Build.0 = Debug|Any CPU
		{98E5C852-A215-4CA5-8BBE-6B339C68915E}.Debug|x64.ActiveCfg = Debug|Any CPU
		{98E5C852-A215-4CA5-8BBE-6B339C68915E}.Debug|x64.Build.0 = Debug|Any CPU
		{98E5C852-A215-4CA5-8BBE-6B339C68915E}.Debug|x86.ActiveCfg = Debug|Any CPU
		{98E5C852-A215-4CA5-8BBE-6B339C68915E}.Debug|x86.Build.0 = Debug|Any CPU
		{98E5C852-A215-4CA5-8BBE-6B339C68915E}.Release|Any CPU.ActiveCfg = Release|Any CPU
		{98E5C852-A215-4CA5-8BBE-6B339C68915E}.Release|Any CPU.Build.0 = Release|Any CPU
		{98E5C852-A215-4CA5-8BBE-6B339C68915E}.Release|x64.ActiveCfg = Release|Any CPU
		{98E5C852-A215-4CA5-8BBE-6B339C68915E}.Release|x64.Build.0 = Release|Any CPU
		{98E5C852-A215-4CA5-8BBE-6B339C68915E}.Release|x86.ActiveCfg = Release|Any CPU
		{98E5C852-A215-4CA5-8BBE-6B339C68915E}.Release|x86.Build.0 = Release|Any CPU
		{5807728D-0E6C-48EE-AD90-95101282CECD}.Debug|Any CPU.ActiveCfg = Debug|Any CPU
		{5807728D-0E6C-48EE-AD90-95101282CECD}.Debug|Any CPU.Build.0 = Debug|Any CPU
		{5807728D-0E6C-48EE-AD90-95101282CECD}.Debug|x64.ActiveCfg = Debug|Any CPU
		{5807728D-0E6C-48EE-AD90-95101282CECD}.Debug|x64.Build.0 = Debug|Any CPU
		{5807728D-0E6C-48EE-AD90-95101282CECD}.Debug|x86.ActiveCfg = Debug|Any CPU
		{5807728D-0E6C-48EE-AD90-95101282CECD}.Debug|x86.Build.0 = Debug|Any CPU
		{5807728D-0E6C-48EE-AD90-95101282CECD}.Release|Any CPU.ActiveCfg = Release|Any CPU
		{5807728D-0E6C-48EE-AD90-95101282CECD}.Release|Any CPU.Build.0 = Release|Any CPU
		{5807728D-0E6C-48EE-AD90-95101282CECD}.Release|x64.ActiveCfg = Release|Any CPU
		{5807728D-0E6C-48EE-AD90-95101282CECD}.Release|x64.Build.0 = Release|Any CPU
		{5807728D-0E6C-48EE-AD90-95101282CECD}.Release|x86.ActiveCfg = Release|Any CPU
		{5807728D-0E6C-48EE-AD90-95101282CECD}.Release|x86.Build.0 = Release|Any CPU
		{7598125B-76B4-4C1A-9676-061F1AF13BC7}.Debug|Any CPU.ActiveCfg = Debug|Any CPU
		{7598125B-76B4-4C1A-9676-061F1AF13BC7}.Debug|Any CPU.Build.0 = Debug|Any CPU
		{7598125B-76B4-4C1A-9676-061F1AF13BC7}.Debug|x64.ActiveCfg = Debug|Any CPU
		{7598125B-76B4-4C1A-9676-061F1AF13BC7}.Debug|x64.Build.0 = Debug|Any CPU
		{7598125B-76B4-4C1A-9676-061F1AF13BC7}.Debug|x86.ActiveCfg = Debug|Any CPU
		{7598125B-76B4-4C1A-9676-061F1AF13BC7}.Debug|x86.Build.0 = Debug|Any CPU
		{7598125B-76B4-4C1A-9676-061F1AF13BC7}.Release|Any CPU.ActiveCfg = Release|Any CPU
		{7598125B-76B4-4C1A-9676-061F1AF13BC7}.Release|Any CPU.Build.0 = Release|Any CPU
		{7598125B-76B4-4C1A-9676-061F1AF13BC7}.Release|x64.ActiveCfg = Release|Any CPU
		{7598125B-76B4-4C1A-9676-061F1AF13BC7}.Release|x64.Build.0 = Release|Any CPU
		{7598125B-76B4-4C1A-9676-061F1AF13BC7}.Release|x86.ActiveCfg = Release|Any CPU
		{7598125B-76B4-4C1A-9676-061F1AF13BC7}.Release|x86.Build.0 = Release|Any CPU
		{25DF2E97-31A1-4C4A-A1D9-C10B887AAF9A}.Debug|Any CPU.ActiveCfg = Debug|Any CPU
		{25DF2E97-31A1-4C4A-A1D9-C10B887AAF9A}.Debug|Any CPU.Build.0 = Debug|Any CPU
		{25DF2E97-31A1-4C4A-A1D9-C10B887AAF9A}.Debug|x64.ActiveCfg = Debug|Any CPU
		{25DF2E97-31A1-4C4A-A1D9-C10B887AAF9A}.Debug|x64.Build.0 = Debug|Any CPU
		{25DF2E97-31A1-4C4A-A1D9-C10B887AAF9A}.Debug|x86.ActiveCfg = Debug|Any CPU
		{25DF2E97-31A1-4C4A-A1D9-C10B887AAF9A}.Debug|x86.Build.0 = Debug|Any CPU
		{25DF2E97-31A1-4C4A-A1D9-C10B887AAF9A}.Release|Any CPU.ActiveCfg = Release|Any CPU
		{25DF2E97-31A1-4C4A-A1D9-C10B887AAF9A}.Release|Any CPU.Build.0 = Release|Any CPU
		{25DF2E97-31A1-4C4A-A1D9-C10B887AAF9A}.Release|x64.ActiveCfg = Release|Any CPU
		{25DF2E97-31A1-4C4A-A1D9-C10B887AAF9A}.Release|x64.Build.0 = Release|Any CPU
		{25DF2E97-31A1-4C4A-A1D9-C10B887AAF9A}.Release|x86.ActiveCfg = Release|Any CPU
		{25DF2E97-31A1-4C4A-A1D9-C10B887AAF9A}.Release|x86.Build.0 = Release|Any CPU
		{644E6C8D-915F-4145-BD3F-E62664C8C9BA}.Debug|Any CPU.ActiveCfg = Debug|Any CPU
		{644E6C8D-915F-4145-BD3F-E62664C8C9BA}.Debug|Any CPU.Build.0 = Debug|Any CPU
		{644E6C8D-915F-4145-BD3F-E62664C8C9BA}.Debug|x64.ActiveCfg = Debug|Any CPU
		{644E6C8D-915F-4145-BD3F-E62664C8C9BA}.Debug|x64.Build.0 = Debug|Any CPU
		{644E6C8D-915F-4145-BD3F-E62664C8C9BA}.Debug|x86.ActiveCfg = Debug|Any CPU
		{644E6C8D-915F-4145-BD3F-E62664C8C9BA}.Debug|x86.Build.0 = Debug|Any CPU
		{644E6C8D-915F-4145-BD3F-E62664C8C9BA}.Release|Any CPU.ActiveCfg = Release|Any CPU
		{644E6C8D-915F-4145-BD3F-E62664C8C9BA}.Release|Any CPU.Build.0 = Release|Any CPU
		{644E6C8D-915F-4145-BD3F-E62664C8C9BA}.Release|x64.ActiveCfg = Release|Any CPU
		{644E6C8D-915F-4145-BD3F-E62664C8C9BA}.Release|x64.Build.0 = Release|Any CPU
		{644E6C8D-915F-4145-BD3F-E62664C8C9BA}.Release|x86.ActiveCfg = Release|Any CPU
		{644E6C8D-915F-4145-BD3F-E62664C8C9BA}.Release|x86.Build.0 = Release|Any CPU
	EndGlobalSection
	GlobalSection(SolutionProperties) = preSolution
		HideSolutionNode = FALSE
	EndGlobalSection
	GlobalSection(NestedProjects) = preSolution
		{72C7B5C1-C519-4A1C-99A2-2A13EBE585A6} = {827E0CD3-B72D-47B6-A68D-7590B98EB39B}
		{98E5C852-A215-4CA5-8BBE-6B339C68915E} = {827E0CD3-B72D-47B6-A68D-7590B98EB39B}
		{5807728D-0E6C-48EE-AD90-95101282CECD} = {827E0CD3-B72D-47B6-A68D-7590B98EB39B}
		{7598125B-76B4-4C1A-9676-061F1AF13BC7} = {0AB3BF05-4346-4AA6-1389-037BE0695223}
		{25DF2E97-31A1-4C4A-A1D9-C10B887AAF9A} = {827E0CD3-B72D-47B6-A68D-7590B98EB39B}
		{644E6C8D-915F-4145-BD3F-E62664C8C9BA} = {827E0CD3-B72D-47B6-A68D-7590B98EB39B}
	EndGlobalSection
EndGlobal
